# @generated by Move, please check-in and do not edit manually.

[move]
version = 3
manifest_digest = "FC878ED582E7663E8718C3E10E4BE860578A96CB044455E417E0C1BC5024BC1F"
deps_digest = "F8BBB0CCB2491CA29A3DF03D6F92277A4F3574266507ACD77214D37ECA3F3082"
dependencies = [
  { id = "Sui", name = "Sui" },
]

[[move.package]]
id = "MoveStdlib"
source = { git = "https://github.com/MystenLabs/sui.git", rev = "framework/testnet", subdir = "crates/sui-framework/packages/move-stdlib" }

[[move.package]]
id = "Sui"
source = { git = "https://github.com/MystenLabs/sui.git", rev = "framework/testnet", subdir = "crates/sui-framework/packages/sui-framework" }

dependencies = [
  { id = "MoveStdlib", name = "MoveStdlib" },
]

[move.toolchain-version]
compiler-version = "1.61.1"
edition = "2024"
flavor = "sui"

[env]

[env.testnet]
chain-id = "4c78adac"
original-published-id = "0xa7a9506263a1f291ad914eb010fd3df8bdc461b1eba465f3f88da154c1059e33"
latest-published-id = "0xa7a9506263a1f291ad914eb010fd3df8bdc461b1eba465f3f88da154c1059e33"
published-version = "1"
